
Microsoft Visual Studio Solution File, Format Version 12.00
# Visual Studio Version 17
VisualStudioVersion = 17.1.32328.378
MinimumVisualStudioVersion = 10.0.40219.1
Project("{F184B08F-C81C-45F6-A57F-5ABD9991F28F}") = "ProyectoSkillCustom", "ProyectoSkillCustom\ProyectoSkillCustom.vbproj", "{D277FB1D-80C8-4554-8DD1-B6EFBF51A05E}"
EndProject
Global
	GlobalSection(SolutionConfigurationPlatforms) = preSolution
		Debug|Any CPU = Debug|Any CPU
		Release|Any CPU = Release|Any CPU
	EndGlobalSection
	GlobalSection(ProjectConfigurationPlatforms) = postSolution
		{D277FB1D-80C8-4554-8DD1-B6EFBF51A05E}.Debug|Any CPU.ActiveCfg = Debug|Any CPU
		{D277FB1D-80C8-4554-8DD1-B6EFBF51A05E}.Debug|Any CPU.Build.0 = Debug|Any CPU
		{D277FB1D-80C8-4554-8DD1-B6EFBF51A05E}.Release|Any CPU.ActiveCfg = Release|Any CPU
		{D277FB1D-80C8-4554-8DD1-B6EFBF51A05E}.Release|Any CPU.Build.0 = Release|Any CPU
	EndGlobalSection
	GlobalSection(SolutionProperties) = preSolution
		HideSolutionNode = FALSE
	EndGlobalSection
	GlobalSection(ExtensibilityGlobals) = postSolution
		SolutionGuid = {45C5FB16-615B-40F3-A030-BE57B5F77E09}
	EndGlobalSection
EndGlobal
